
Microsoft Visual Studio Solution File, Format Version 12.00
# Visual Studio Version 16
VisualStudioVersion = 16.0.30804.86
MinimumVisualStudioVersion = 10.0.40219.1
Project("{FAE04EC0-301F-11D3-BF4B-00C04F79EFBC}") = "Palindrome", "Palindrome\Palindrome.csproj", "{467EAB90-AE3E-450D-97BD-FC1838F75770}"
EndProject
Project("{FAE04EC0-301F-11D3-BF4B-00C04F79EFBC}") = "Palindrome.Test", "Palindrome.Test\Palindrome.Test.csproj", "{916B80D8-9310-40B1-A6C3-F95BC8A6A278}"
EndProject
Global
	GlobalSection(SolutionConfigurationPlatforms) = preSolution
		Debug|Any CPU = Debug|Any CPU
		Release|Any CPU = Release|Any CPU
	EndGlobalSection
	GlobalSection(ProjectConfigurationPlatforms) = postSolution
		{467EAB90-AE3E-450D-97BD-FC1838F75770}.Debug|Any CPU.ActiveCfg = Debug|Any CPU
		{467EAB90-AE3E-450D-97BD-FC1838F75770}.Debug|Any CPU.Build.0 = Debug|Any CPU
		{467EAB90-AE3E-450D-97BD-FC1838F75770}.Release|Any CPU.ActiveCfg = Release|Any CPU
		{467EAB90-AE3E-450D-97BD-FC1838F75770}.Release|Any CPU.Build.0 = Release|Any CPU
		{916B80D8-9310-40B1-A6C3-F95BC8A6A278}.Debug|Any CPU.ActiveCfg = Debug|Any CPU
		{916B80D8-9310-40B1-A6C3-F95BC8A6A278}.Debug|Any CPU.Build.0 = Debug|Any CPU
		{916B80D8-9310-40B1-A6C3-F95BC8A6A278}.Release|Any CPU.ActiveCfg = Release|Any CPU
		{916B80D8-9310-40B1-A6C3-F95BC8A6A278}.Release|Any CPU.Build.0 = Release|Any CPU
	EndGlobalSection
	GlobalSection(SolutionProperties) = preSolution
		HideSolutionNode = FALSE
	EndGlobalSection
	GlobalSection(ExtensibilityGlobals) = postSolution
		SolutionGuid = {1DE15D20-DAC8-4502-B36C-7BE2F2449DE3}
	EndGlobalSection
EndGlobal
